// !$*UTF8*$!
{
	archiveVersion = 1;
	classes = {
	};
	objectVersion = 56;
	objects = {

/* Begin PBXBuildFile section */
		267D81ED29FB0567009B05E9 /* ErlanggaVidi_20417028_AFL3App.swift in Sources */ = {isa = PBXBuildFile; fileRef = 267D81EC29FB0567009B05E9 /* ErlanggaVidi_20417028_AFL3App.swift */; };
		267D81EF29FB0567009B05E9 /* ContentView.swift in Sources */ = {isa = PBXBuildFile; fileRef = 267D81EE29FB0567009B05E9 /* ContentView.swift */; };
		267D81F129FB0568009B05E9 /* Assets.xcassets in Resources */ = {isa = PBXBuildFile; fileRef = 267D81F029FB0568009B05E9 /* Assets.xcassets */; };
		267D81F429FB0568009B05E9 /* Preview Assets.xcassets in Resources */ = {isa = PBXBuildFile; fileRef = 267D81F329FB0568009B05E9 /* Preview Assets.xcassets */; };
		267D81FB29FB0B43009B05E9 /* CircleImage.swift in Sources */ = {isa = PBXBuildFile; fileRef = 267D81FA29FB0B43009B05E9 /* CircleImage.swift */; };
		267D81FD29FB0BCC009B05E9 /* MapView.swift in Sources */ = {isa = PBXBuildFile; fileRef = 267D81FC29FB0BCC009B05E9 /* MapView.swift */; };
		267D81FF29FB7114009B05E9 /* landmarkData.json in Resources */ = {isa = PBXBuildFile; fileRef = 267D81FE29FB7114009B05E9 /* landmarkData.json */; };
		267D820329FB7170009B05E9 /* Landmark.swift in Sources */ = {isa = PBXBuildFile; fileRef = 267D820229FB7170009B05E9 /* Landmark.swift */; };
		267D820529FB72BB009B05E9 /* ModelData.swift in Sources */ = {isa = PBXBuildFile; fileRef = 267D820429FB72BB009B05E9 /* ModelData.swift */; };
		267D820C29FB747E009B05E9 /* MapView.swift in Sources */ = {isa = PBXBuildFile; fileRef = 267D820B29FB747E009B05E9 /* MapView.swift */; };
/* End PBXBuildFile section */

/* Begin PBXFileReference section */
		267D81E929FB0567009B05E9 /* ErlanggaVidi_20417028_AFL3.app */ = {isa = PBXFileReference; explicitFileType = wrapper.application; includeInIndex = 0; path = ErlanggaVidi_20417028_AFL3.app; sourceTree = BUILT_PRODUCTS_DIR; };
		267D81EC29FB0567009B05E9 /* ErlanggaVidi_20417028_AFL3App.swift */ = {isa = PBXFileReference; lastKnownFileType = sourcecode.swift; path = ErlanggaVidi_20417028_AFL3App.swift; sourceTree = "<group>"; };
		267D81EE29FB0567009B05E9 /* ContentView.swift */ = {isa = PBXFileReference; lastKnownFileType = sourcecode.swift; path = ContentView.swift; sourceTree = "<group>"; };
		267D81F029FB0568009B05E9 /* Assets.xcassets */ = {isa = PBXFileReference; lastKnownFileType = folder.assetcatalog; path = Assets.xcassets; sourceTree = "<group>"; };
		267D81F329FB0568009B05E9 /* Preview Assets.xcassets */ = {isa = PBXFileReference; lastKnownFileType = folder.assetcatalog; path = "Preview Assets.xcassets"; sourceTree = "<group>"; };
		267D81FA29FB0B43009B05E9 /* CircleImage.swift */ = {isa = PBXFileReference; lastKnownFileType = sourcecode.swift; path = CircleImage.swift; sourceTree = "<group>"; };
		267D81FC29FB0BCC009B05E9 /* MapView.swift */ = {isa = PBXFileReference; lastKnownFileType = sourcecode.swift; path = MapView.swift; sourceTree = "<group>"; };
		267D81FE29FB7114009B05E9 /* landmarkData.json */ = {isa = PBXFileReference; fileEncoding = 4; lastKnownFileType = text.json; path = landmarkData.json; sourceTree = "<group>"; };
		267D820229FB7170009B05E9 /* Landmark.swift */ = {isa = PBXFileReference; lastKnownFileType = sourcecode.swift; path = Landmark.swift; sourceTree = "<group>"; };
		267D820429FB72BB009B05E9 /* ModelData.swift */ = {isa = PBXFileReference; lastKnownFileType = sourcecode.swift; path = ModelData.swift; sourceTree = "<group>"; };
		267D820B29FB747E009B05E9 /* MapView.swift */ = {isa = PBXFileReference; lastKnownFileType = sourcecode.swift; path = MapView.swift; sourceTree = "<group>"; };
/* End PBXFileReference section */

/* Begin PBXFrameworksBuildPhase section */
		267D81E629FB0567009B05E9 /* Frameworks */ = {
			isa = PBXFrameworksBuildPhase;
			buildActionMask = 2147483647;
			files = (
			);
			runOnlyForDeploymentPostprocessing = 0;
		};
/* End PBXFrameworksBuildPhase section */

/* Begin PBXGroup section */
		267D81E029FB0567009B05E9 = {
			isa = PBXGroup;
			children = (
				267D81FE29FB7114009B05E9 /* landmarkData.json */,
				267D81EB29FB0567009B05E9 /* ErlanggaVidi_20417028_AFL3 */,
				267D81EA29FB0567009B05E9 /* Products */,
			);
			sourceTree = "<group>";
		};
		267D81EA29FB0567009B05E9 /* Products */ = {
			isa = PBXGroup;
			children = (
				267D81E929FB0567009B05E9 /* ErlanggaVidi_20417028_AFL3.app */,
			);
			name = Products;
			sourceTree = "<group>";
		};
		267D81EB29FB0567009B05E9 /* ErlanggaVidi_20417028_AFL3 */ = {
			isa = PBXGroup;
			children = (
				267D820829FB73C8009B05E9 /* Model */,
				267D81EC29FB0567009B05E9 /* ErlanggaVidi_20417028_AFL3App.swift */,
				267D81F029FB0568009B05E9 /* Assets.xcassets */,
				267D81FC29FB0BCC009B05E9 /* MapView.swift */,
				267D81F229FB0568009B05E9 /* Preview Content */,
				267D820729FB7343009B05E9 /* New Group */,
			);
			path = ErlanggaVidi_20417028_AFL3;
			sourceTree = "<group>";
		};
		267D81F229FB0568009B05E9 /* Preview Content */ = {
			isa = PBXGroup;
			children = (
				267D81F329FB0568009B05E9 /* Preview Assets.xcassets */,
			);
			path = "Preview Content";
			sourceTree = "<group>";
		};
		267D820629FB7323009B05E9 /* Views */ = {
			isa = PBXGroup;
			children = (
				267D81EE29FB0567009B05E9 /* ContentView.swift */,
				267D820B29FB747E009B05E9 /* MapView.swift */,
				267D81FA29FB0B43009B05E9 /* CircleImage.swift */,
			);
			path = Views;
			sourceTree = "<group>";
		};
		267D820729FB7343009B05E9 /* New Group */ = {
			isa = PBXGroup;
			children = (
				267D820629FB7323009B05E9 /* Views */,
			);
			path = "New Group";
			sourceTree = "<group>";
		};
		267D820829FB73C8009B05E9 /* Model */ = {
			isa = PBXGroup;
			children = (
				267D820429FB72BB009B05E9 /* ModelData.swift */,
				267D820229FB7170009B05E9 /* Landmark.swift */,
			);
			path = Model;
			sourceTree = "<group>";
		};
/* End PBXGroup section */

/* Begin PBXNativeTarget section */
		267D81E829FB0567009B05E9 /* ErlanggaVidi_20417028_AFL3 */ = {
			isa = PBXNativeTarget;
			buildConfigurationList = 267D81F729FB0568009B05E9 /* Build configuration list for PBXNativeTarget "ErlanggaVidi_20417028_AFL3" */;
			buildPhases = (
				267D81E529FB0567009B05E9 /* Sources */,
				267D81E629FB0567009B05E9 /* Frameworks */,
				267D81E729FB0567009B05E9 /* Resources */,
			);
			buildRules = (
			);
			dependencies = (
			);
			name = ErlanggaVidi_20417028_AFL3;
			productName = ErlanggaVidi_20417028_AFL3;
			productReference = 267D81E929FB0567009B05E9 /* ErlanggaVidi_20417028_AFL3.app */;
			productType = "com.apple.product-type.application";
		};
/* End PBXNativeTarget section */

/* Begin PBXProject section */
		267D81E129FB0567009B05E9 /* Project object */ = {
			isa = PBXProject;
			attributes = {
				BuildIndependentTargetsInParallel = 1;
				LastSwiftUpdateCheck = 1430;
				LastUpgradeCheck = 1430;
				TargetAttributes = {
					267D81E829FB0567009B05E9 = {
						CreatedOnToolsVersion = 14.3;
					};
				};
			};
			buildConfigurationList = 267D81E429FB0567009B05E9 /* Build configuration list for PBXProject "ErlanggaVidi_20417028_AFL3" */;
			compatibilityVersion = "Xcode 14.0";
			developmentRegion = en;
			hasScannedForEncodings = 0;
			knownRegions = (
				en,
				Base,
			);
			mainGroup = 267D81E029FB0567009B05E9;
			productRefGroup = 267D81EA29FB0567009B05E9 /* Products */;
			projectDirPath = "";
			projectRoot = "";
			targets = (
				267D81E829FB0567009B05E9 /* ErlanggaVidi_20417028_AFL3 */,
			);
		};
/* End PBXProject section */

/* Begin PBXResourcesBuildPhase section */
		267D81E729FB0567009B05E9 /* Resources */ = {
			isa = PBXResourcesBuildPhase;
			buildActionMask = 2147483647;
			files = (
				267D81F429FB0568009B05E9 /* Preview Assets.xcassets in Resources */,
				267D81F129FB0568009B05E9 /* Assets.xcassets in Resources */,
				267D81FF29FB7114009B05E9 /* landmarkData.json in Resources */,
			);
			runOnlyForDeploymentPostprocessing = 0;
		};
/* End PBXResourcesBuildPhase section */

/* Begin PBXSourcesBuildPhase section */
		267D81E529FB0567009B05E9 /* Sources */ = {
			isa = PBXSourcesBuildPhase;
			buildActionMask = 2147483647;
			files = (
				267D81EF29FB0567009B05E9 /* ContentView.swift in Sources */,
				267D820C29FB747E009B05E9 /* MapView.swift in Sources */,
				267D81FD29FB0BCC009B05E9 /* MapView.swift in Sources */,
				267D81ED29FB0567009B05E9 /* ErlanggaVidi_20417028_AFL3App.swift in Sources */,
				267D81FB29FB0B43009B05E9 /* CircleImage.swift in Sources */,
				267D820329FB7170009B05E9 /* Landmark.swift in Sources */,
				267D820529FB72BB009B05E9 /* ModelData.swift in Sources */,
			);
			runOnlyForDeploymentPostprocessing = 0;
		};
/* End PBXSourcesBuildPhase section */

/* Begin XCBuildConfiguration section */
		267D81F529FB0568009B05E9 /* Debug */ = {
			isa = XCBuildConfiguration;
			buildSettings = {
				ALWAYS_SEARCH_USER_PATHS = NO;
				CLANG_ANALYZER_NONNULL = YES;
				CLANG_ANALYZER_NUMBER_OBJECT_CONVERSION = YES_AGGRESSIVE;
				CLANG_CXX_LANGUAGE_STANDARD = "gnu++20";
				CLANG_ENABLE_MODULES = YES;
				CLANG_ENABLE_OBJC_ARC = YES;
				CLANG_ENABLE_OBJC_WEAK = YES;
				CLANG_WARN_BLOCK_CAPTURE_AUTORELEASING = YES;
				CLANG_WARN_BOOL_CONVERSION = YES;
				CLANG_WARN_COMMA = YES;
				CLANG_WARN_CONSTANT_CONVERSION = YES;
				CLANG_WARN_DEPRECATED_OBJC_IMPLEMENTATIONS = YES;
				CLANG_WARN_DIRECT_OBJC_ISA_USAGE = YES_ERROR;
				CLANG_WARN_DOCUMENTATION_COMMENTS = YES;
				CLANG_WARN_EMPTY_BODY = YES;
				CLANG_WARN_ENUM_CONVERSION = YES;
				CLANG_WARN_INFINITE_RECURSION = YES;
				CLANG_WARN_INT_CONVERSION = YES;
				CLANG_WARN_NON_LITERAL_NULL_CONVERSION = YES;
				CLANG_WARN_OBJC_IMPLICIT_RETAIN_SELF = YES;
				CLANG_WARN_OBJC_LITERAL_CONVERSION = YES;
				CLANG_WARN_OBJC_ROOT_CLASS = YES_ERROR;
				CLANG_WARN_QUOTED_INCLUDE_IN_FRAMEWORK_HEADER = YES;
				CLANG_WARN_RANGE_LOOP_ANALYSIS = YES;
				CLANG_WARN_STRICT_PROTOTYPES = YES;
				CLANG_WARN_SUSPICIOUS_MOVE = YES;
				CLANG_WARN_UNGUARDED_AVAILABILITY = YES_AGGRESSIVE;
				CLANG_WARN_UNREACHABLE_CODE = YES;
				CLANG_WARN__DUPLICATE_METHOD_MATCH = YES;
				COPY_PHASE_STRIP = NO;
				DEBUG_INFORMATION_FORMAT = dwarf;
				ENABLE_STRICT_OBJC_MSGSEND = YES;
				ENABLE_TESTABILITY = YES;
				GCC_C_LANGUAGE_STANDARD = gnu11;
				GCC_DYNAMIC_NO_PIC = NO;
				GCC_NO_COMMON_BLOCKS = YES;
				GCC_OPTIMIZATION_LEVEL = 0;
				GCC_PREPROCESSOR_DEFINITIONS = (
					"DEBUG=1",
					"$(inherited)",
				);
				GCC_WARN_64_TO_32_BIT_CONVERSION = YES;
				GCC_WARN_ABOUT_RETURN_TYPE = YES_ERROR;
				GCC_WARN_UNDECLARED_SELECTOR = YES;
				GCC_WARN_UNINITIALIZED_AUTOS = YES_AGGRESSIVE;
				GCC_WARN_UNUSED_FUNCTION = YES;
				GCC_WARN_UNUSED_VARIABLE = YES;
				IPHONEOS_DEPLOYMENT_TARGET = 16.4;
				MTL_ENABLE_DEBUG_INFO = INCLUDE_SOURCE;
				MTL_FAST_MATH = YES;
				ONLY_ACTIVE_ARCH = YES;
				SDKROOT = iphoneos;
				SWIFT_ACTIVE_COMPILATION_CONDITIONS = DEBUG;
				SWIFT_OPTIMIZATION_LEVEL = "-Onone";
			};
			name = Debug;
		};
		267D81F629FB0568009B05E9 /* Release */ = {
			isa = XCBuildConfiguration;
			buildSettings = {
				ALWAYS_SEARCH_USER_PATHS = NO;
				CLANG_ANALYZER_NONNULL = YES;
				CLANG_ANALYZER_NUMBER_OBJECT_CONVERSION = YES_AGGRESSIVE;
				CLANG_CXX_LANGUAGE_STANDARD = "gnu++20";
				CLANG_ENABLE_MODULES = YES;
				CLANG_ENABLE_OBJC_ARC = YES;
				CLANG_ENABLE_OBJC_WEAK = YES;
				CLANG_WARN_BLOCK_CAPTURE_AUTORELEASING = YES;
				CLANG_WARN_BOOL_CONVERSION = YES;
				CLANG_WARN_COMMA = YES;
				CLANG_WARN_CONSTANT_CONVERSION = YES;
				CLANG_WARN_DEPRECATED_OBJC_IMPLEMENTATIONS = YES;
				CLANG_WARN_DIRECT_OBJC_ISA_USAGE = YES_ERROR;
				CLANG_WARN_DOCUMENTATION_COMMENTS = YES;
				CLANG_WARN_EMPTY_BODY = YES;
				CLANG_WARN_ENUM_CONVERSION = YES;
				CLANG_WARN_INFINITE_RECURSION = YES;
				CLANG_WARN_INT_CONVERSION = YES;
				CLANG_WARN_NON_LITERAL_NULL_CONVERSION = YES;
				CLANG_WARN_OBJC_IMPLICIT_RETAIN_SELF = YES;
				CLANG_WARN_OBJC_LITERAL_CONVERSION = YES;
				CLANG_WARN_OBJC_ROOT_CLASS = YES_ERROR;
				CLANG_WARN_QUOTED_INCLUDE_IN_FRAMEWORK_HEADER = YES;
				CLANG_WARN_RANGE_LOOP_ANALYSIS = YES;
				CLANG_WARN_STRICT_PROTOTYPES = YES;
				CLANG_WARN_SUSPICIOUS_MOVE = YES;
				CLANG_WARN_UNGUARDED_AVAILABILITY = YES_AGGRESSIVE;
				CLANG_WARN_UNREACHABLE_CODE = YES;
				CLANG_WARN__DUPLICATE_METHOD_MATCH = YES;
				COPY_PHASE_STRIP = NO;
				DEBUG_INFORMATION_FORMAT = "dwarf-with-dsym";
				ENABLE_NS_ASSERTIONS = NO;
				ENABLE_STRICT_OBJC_MSGSEND = YES;
				GCC_C_LANGUAGE_STANDARD = gnu11;
				GCC_NO_COMMON_BLOCKS = YES;
				GCC_WARN_64_TO_32_BIT_CONVERSION = YES;
				GCC_WARN_ABOUT_RETURN_TYPE = YES_ERROR;
				GCC_WARN_UNDECLARED_SELECTOR = YES;
				GCC_WARN_UNINITIALIZED_AUTOS = YES_AGGRESSIVE;
				GCC_WARN_UNUSED_FUNCTION = YES;
				GCC_WARN_UNUSED_VARIABLE = YES;
				IPHONEOS_DEPLOYMENT_TARGET = 16.4;
				MTL_ENABLE_DEBUG_INFO = NO;
				MTL_FAST_MATH = YES;
				SDKROOT = iphoneos;
				SWIFT_COMPILATION_MODE = wholemodule;
				SWIFT_OPTIMIZATION_LEVEL = "-O";
				VALIDATE_PRODUCT = YES;
			};
			name = Release;
		};
		267D81F829FB0568009B05E9 /* Debug */ = {
			isa = XCBuildConfiguration;
			buildSettings = {
				ASSETCATALOG_COMPILER_APPICON_NAME = AppIcon;
				ASSETCATALOG_COMPILER_GLOBAL_ACCENT_COLOR_NAME = AccentColor;
				CODE_SIGN_STYLE = Automatic;
				CURRENT_PROJECT_VERSION = 1;
				DEVELOPMENT_ASSET_PATHS = "\"ErlanggaVidi_20417028_AFL3/Preview Content\"";
				ENABLE_PREVIEWS = YES;
				GENERATE_INFOPLIST_FILE = YES;
				INFOPLIST_KEY_UIApplicationSceneManifest_Generation = YES;
				INFOPLIST_KEY_UIApplicationSupportsIndirectInputEvents = YES;
				INFOPLIST_KEY_UILaunchScreen_Generation = YES;
				INFOPLIST_KEY_UISupportedInterfaceOrientations_iPad = "UIInterfaceOrientationPortrait UIInterfaceOrientationPortraitUpsideDown UIInterfaceOrientationLandscapeLeft UIInterfaceOrientationLandscapeRight";
				INFOPLIST_KEY_UISupportedInterfaceOrientations_iPhone = "UIInterfaceOrientationPortrait UIInterfaceOrientationLandscapeLeft UIInterfaceOrientationLandscapeRight";
				LD_RUNPATH_SEARCH_PATHS = (
					"$(inherited)",
					"@executable_path/Frameworks",
				);
				MARKETING_VERSION = 1.0;
				PRODUCT_BUNDLE_IDENTIFIER = "ErlanggaVidi.ErlanggaVidi-20417028-AFL3";
				PRODUCT_NAME = "$(TARGET_NAME)";
				SWIFT_EMIT_LOC_STRINGS = YES;
				SWIFT_VERSION = 5.0;
				TARGETED_DEVICE_FAMILY = "1,2";
			};
			name = Debug;
		};
		267D81F929FB0568009B05E9 /* Release */ = {
			isa = XCBuildConfiguration;
			buildSettings = {
				ASSETCATALOG_COMPILER_APPICON_NAME = AppIcon;
				ASSETCATALOG_COMPILER_GLOBAL_ACCENT_COLOR_NAME = AccentColor;
				CODE_SIGN_STYLE = Automatic;
				CURRENT_PROJECT_VERSION = 1;
				DEVELOPMENT_ASSET_PATHS = "\"ErlanggaVidi_20417028_AFL3/Preview Content\"";
				ENABLE_PREVIEWS = YES;
				GENERATE_INFOPLIST_FILE = YES;
				INFOPLIST_KEY_UIApplicationSceneManifest_Generation = YES;
				INFOPLIST_KEY_UIApplicationSupportsIndirectInputEvents = YES;
				INFOPLIST_KEY_UILaunchScreen_Generation = YES;
				INFOPLIST_KEY_UISupportedInterfaceOrientations_iPad = "UIInterfaceOrientationPortrait UIInterfaceOrientationPortraitUpsideDown UIInterfaceOrientationLandscapeLeft UIInterfaceOrientationLandscapeRight";
				INFOPLIST_KEY_UISupportedInterfaceOrientations_iPhone = "UIInterfaceOrientationPortrait UIInterfaceOrientationLandscapeLeft UIInterfaceOrientationLandscapeRight";
				LD_RUNPATH_SEARCH_PATHS = (
					"$(inherited)",
					"@executable_path/Frameworks",
				);
				MARKETING_VERSION = 1.0;
				PRODUCT_BUNDLE_IDENTIFIER = "ErlanggaVidi.ErlanggaVidi-20417028-AFL3";
				PRODUCT_NAME = "$(TARGET_NAME)";
				SWIFT_EMIT_LOC_STRINGS = YES;
				SWIFT_VERSION = 5.0;
				TARGETED_DEVICE_FAMILY = "1,2";
			};
			name = Release;
		};
/* End XCBuildConfiguration section */

/* Begin XCConfigurationList section */
		267D81E429FB0567009B05E9 /* Build configuration list for PBXProject "ErlanggaVidi_20417028_AFL3" */ = {
			isa = XCConfigurationList;
			buildConfigurations = (
				267D81F529FB0568009B05E9 /* Debug */,
				267D81F629FB0568009B05E9 /* Release */,
			);
			defaultConfigurationIsVisible = 0;
			defaultConfigurationName = Release;
		};
		267D81F729FB0568009B05E9 /* Build configuration list for PBXNativeTarget "ErlanggaVidi_20417028_AFL3" */ = {
			isa = XCConfigurationList;
			buildConfigurations = (
				267D81F829FB0568009B05E9 /* Debug */,
				267D81F929FB0568009B05E9 /* Release */,
			);
			defaultConfigurationIsVisible = 0;
			defaultConfigurationName = Release;
		};
/* End XCConfigurationList section */
	};
	rootObject = 267D81E129FB0567009B05E9 /* Project object */;
}
